
Microsoft Visual Studio Solution File, Format Version 12.00
# Visual Studio Version 17
VisualStudioVersion = 17.14.36518.9 d17.14
MinimumVisualStudioVersion = 10.0.40219.1
Project("{FAE04EC0-301F-11D3-BF4B-00C04F79EFBC}") = "Logic-and-Loops2", "Logic-and-Loops2\Logic-and-Loops2.csproj", "{BB149E3F-F59B-41A1-9651-B83DF20CCE36}"
EndProject
Global
	GlobalSection(SolutionConfigurationPlatforms) = preSolution
		Debug|Any CPU = Debug|Any CPU
		Release|Any CPU = Release|Any CPU
	EndGlobalSection
	GlobalSection(ProjectConfigurationPlatforms) = postSolution
		{BB149E3F-F59B-41A1-9651-B83DF20CCE36}.Debug|Any CPU.ActiveCfg = Debug|Any CPU
		{BB149E3F-F59B-41A1-9651-B83DF20CCE36}.Debug|Any CPU.Build.0 = Debug|Any CPU
		{BB149E3F-F59B-41A1-9651-B83DF20CCE36}.Release|Any CPU.ActiveCfg = Release|Any CPU
		{BB149E3F-F59B-41A1-9651-B83DF20CCE36}.Release|Any CPU.Build.0 = Release|Any CPU
	EndGlobalSection
	GlobalSection(SolutionProperties) = preSolution
		HideSolutionNode = FALSE
	EndGlobalSection
	GlobalSection(ExtensibilityGlobals) = postSolution
		SolutionGuid = {E7AA72D5-ED71-43F6-858F-301DFB9155DA}
	EndGlobalSection
EndGlobal
